// !$*UTF8*$!
{
	archiveVersion = 1;
	classes = {
	};
	objectVersion = 48;
	objects = {

/* Begin PBXBuildFile section */
		D0452F8914FF66FB0044FB3B /* Cocoa.framework in Frameworks */ = {isa = PBXBuildFile; fileRef = D0452F8814FF66FB0044FB3B /* Cocoa.framework */; };
		D0A706EF207A18B400BBEE95 /* AIHDemoAnnouncer.m in Sources */ = {isa = PBXBuildFile; fileRef = D0A706EE207A18B400BBEE95 /* AIHDemoAnnouncer.m */; };
		D0A706F1207A18BB00BBEE95 /* Announce.xib in Resources */ = {isa = PBXBuildFile; fileRef = D0A706F0207A18BB00BBEE95 /* Announce.xib */; };
		D0B495662079FF9900D10E96 /* AIHApplicationIconHerald.m in Sources */ = {isa = PBXBuildFile; fileRef = D0B495652079FF9900D10E96 /* AIHApplicationIconHerald.m */; };
/* End PBXBuildFile section */

/* Begin PBXFileReference section */
		D0452F8414FF66FB0044FB3B /* Announce.app */ = {isa = PBXFileReference; explicitFileType = wrapper.application; includeInIndex = 0; path = Announce.app; sourceTree = BUILT_PRODUCTS_DIR; };
		D0452F8814FF66FB0044FB3B /* Cocoa.framework */ = {isa = PBXFileReference; lastKnownFileType = wrapper.framework; name = Cocoa.framework; path = System/Library/Frameworks/Cocoa.framework; sourceTree = SDKROOT; };
		D0452F8B14FF66FB0044FB3B /* AppKit.framework */ = {isa = PBXFileReference; lastKnownFileType = wrapper.framework; name = AppKit.framework; path = System/Library/Frameworks/AppKit.framework; sourceTree = SDKROOT; };
		D0452F8C14FF66FB0044FB3B /* CoreData.framework */ = {isa = PBXFileReference; lastKnownFileType = wrapper.framework; name = CoreData.framework; path = System/Library/Frameworks/CoreData.framework; sourceTree = SDKROOT; };
		D0452F8D14FF66FB0044FB3B /* Foundation.framework */ = {isa = PBXFileReference; lastKnownFileType = wrapper.framework; name = Foundation.framework; path = System/Library/Frameworks/Foundation.framework; sourceTree = SDKROOT; };
		D0452F9014FF66FB0044FB3B /* Info.plist */ = {isa = PBXFileReference; explicitFileType = text.xml; path = Info.plist; sourceTree = "<group>"; };
		D0A706EE207A18B400BBEE95 /* AIHDemoAnnouncer.m */ = {isa = PBXFileReference; fileEncoding = 4; lastKnownFileType = sourcecode.c.objc; path = AIHDemoAnnouncer.m; sourceTree = "<group>"; };
		D0A706F0207A18BB00BBEE95 /* Announce.xib */ = {isa = PBXFileReference; fileEncoding = 4; lastKnownFileType = file.xib; path = Announce.xib; sourceTree = "<group>"; };
		D0B495642079FF9900D10E96 /* AIHApplicationIconHerald.h */ = {isa = PBXFileReference; fileEncoding = 4; lastKnownFileType = sourcecode.c.h; name = AIHApplicationIconHerald.h; path = ../AIHApplicationIconHerald.h; sourceTree = "<group>"; };
		D0B495652079FF9900D10E96 /* AIHApplicationIconHerald.m */ = {isa = PBXFileReference; fileEncoding = 4; lastKnownFileType = sourcecode.c.objc; name = AIHApplicationIconHerald.m; path = ../AIHApplicationIconHerald.m; sourceTree = "<group>"; };
/* End PBXFileReference section */

/* Begin PBXFrameworksBuildPhase section */
		D0452F8114FF66FB0044FB3B /* Frameworks */ = {
			isa = PBXFrameworksBuildPhase;
			buildActionMask = 2147483647;
			files = (
				D0452F8914FF66FB0044FB3B /* Cocoa.framework in Frameworks */,
			);
			runOnlyForDeploymentPostprocessing = 0;
		};
/* End PBXFrameworksBuildPhase section */

/* Begin PBXGroup section */
		D0452F7914FF66FB0044FB3B = {
			isa = PBXGroup;
			children = (
				D0A706EE207A18B400BBEE95 /* AIHDemoAnnouncer.m */,
				D0B495632079FF8A00D10E96 /* Herald */,
				D0452F8F14FF66FB0044FB3B /* Resources */,
				D0452F8714FF66FB0044FB3B /* Frameworks */,
				D0452F8514FF66FB0044FB3B /* Products */,
			);
			sourceTree = "<group>";
		};
		D0452F8514FF66FB0044FB3B /* Products */ = {
			isa = PBXGroup;
			children = (
				D0452F8414FF66FB0044FB3B /* Announce.app */,
			);
			name = Products;
			sourceTree = "<group>";
		};
		D0452F8714FF66FB0044FB3B /* Frameworks */ = {
			isa = PBXGroup;
			children = (
				D0452F8814FF66FB0044FB3B /* Cocoa.framework */,
				D0452F8A14FF66FB0044FB3B /* Other Frameworks */,
			);
			name = Frameworks;
			sourceTree = "<group>";
		};
		D0452F8A14FF66FB0044FB3B /* Other Frameworks */ = {
			isa = PBXGroup;
			children = (
				D0452F8B14FF66FB0044FB3B /* AppKit.framework */,
				D0452F8C14FF66FB0044FB3B /* CoreData.framework */,
				D0452F8D14FF66FB0044FB3B /* Foundation.framework */,
			);
			name = "Other Frameworks";
			sourceTree = "<group>";
		};
		D0452F8F14FF66FB0044FB3B /* Resources */ = {
			isa = PBXGroup;
			children = (
				D0452F9014FF66FB0044FB3B /* Info.plist */,
				D0A706F0207A18BB00BBEE95 /* Announce.xib */,
			);
			name = Resources;
			sourceTree = "<group>";
		};
		D0B495632079FF8A00D10E96 /* Herald */ = {
			isa = PBXGroup;
			children = (
				D0B495642079FF9900D10E96 /* AIHApplicationIconHerald.h */,
				D0B495652079FF9900D10E96 /* AIHApplicationIconHerald.m */,
			);
			name = Herald;
			sourceTree = "<group>";
		};
/* End PBXGroup section */

/* Begin PBXNativeTarget section */
		D0452F8314FF66FB0044FB3B /* Announce */ = {
			isa = PBXNativeTarget;
			buildConfigurationList = D0452FA214FF66FB0044FB3B /* Build configuration list for PBXNativeTarget "Announce" */;
			buildPhases = (
				D0452F8014FF66FB0044FB3B /* Sources */,
				D0452F8114FF66FB0044FB3B /* Frameworks */,
				D0452F8214FF66FB0044FB3B /* Resources */,
			);
			buildRules = (
			);
			dependencies = (
			);
			name = Announce;
			productName = "Event Tap Sandbox Test";
			productReference = D0452F8414FF66FB0044FB3B /* Announce.app */;
			productType = "com.apple.product-type.application";
		};
/* End PBXNativeTarget section */

/* Begin PBXProject section */
		D0452F7B14FF66FB0044FB3B /* Project object */ = {
			isa = PBXProject;
			attributes = {
				CLASSPREFIX = "";
				LastUpgradeCheck = 0810;
			};
			buildConfigurationList = D0452F7E14FF66FB0044FB3B /* Build configuration list for PBXProject "Announce" */;
			compatibilityVersion = "Xcode 8.0";
			developmentRegion = English;
			hasScannedForEncodings = 0;
			knownRegions = (
				en,
			);
			mainGroup = D0452F7914FF66FB0044FB3B;
			productRefGroup = D0452F8514FF66FB0044FB3B /* Products */;
			projectDirPath = "";
			projectRoot = "";
			targets = (
				D0452F8314FF66FB0044FB3B /* Announce */,
			);
		};
/* End PBXProject section */

/* Begin PBXResourcesBuildPhase section */
		D0452F8214FF66FB0044FB3B /* Resources */ = {
			isa = PBXResourcesBuildPhase;
			buildActionMask = 2147483647;
			files = (
				D0A706F1207A18BB00BBEE95 /* Announce.xib in Resources */,
			);
			runOnlyForDeploymentPostprocessing = 0;
		};
/* End PBXResourcesBuildPhase section */

/* Begin PBXSourcesBuildPhase section */
		D0452F8014FF66FB0044FB3B /* Sources */ = {
			isa = PBXSourcesBuildPhase;
			buildActionMask = 2147483647;
			files = (
				D0B495662079FF9900D10E96 /* AIHApplicationIconHerald.m in Sources */,
				D0A706EF207A18B400BBEE95 /* AIHDemoAnnouncer.m in Sources */,
			);
			runOnlyForDeploymentPostprocessing = 0;
		};
/* End PBXSourcesBuildPhase section */

/* Begin XCBuildConfiguration section */
		D0452FA014FF66FB0044FB3B /* Debug */ = {
			isa = XCBuildConfiguration;
			buildSettings = {
				ALWAYS_SEARCH_USER_PATHS = NO;
				CLANG_ENABLE_OBJC_ARC = YES;
				DEBUG_INFORMATION_FORMAT = "dwarf-with-dsym";
				GCC_DYNAMIC_NO_PIC = NO;
				GCC_ENABLE_OBJC_EXCEPTIONS = YES;
				GCC_PREPROCESSOR_DEFINITIONS = (
					"DEBUG=1",
					"$(inherited)",
				);
				GCC_SYMBOLS_PRIVATE_EXTERN = NO;
				GCC_WARN_64_TO_32_BIT_CONVERSION = YES;
				GCC_WARN_ABOUT_RETURN_TYPE = YES;
				GCC_WARN_UNINITIALIZED_AUTOS = YES;
				GCC_WARN_UNUSED_VARIABLE = YES;
				INFOPLIST_FILE = Info.plist;
				MACOSX_DEPLOYMENT_TARGET = 10.8;
			};
			name = Debug;
		};
		D0452FA114FF66FB0044FB3B /* Release */ = {
			isa = XCBuildConfiguration;
			buildSettings = {
				ALWAYS_SEARCH_USER_PATHS = NO;
				CLANG_ENABLE_OBJC_ARC = YES;
				DEBUG_INFORMATION_FORMAT = "dwarf-with-dsym";
				GCC_ENABLE_OBJC_EXCEPTIONS = YES;
				GCC_WARN_64_TO_32_BIT_CONVERSION = YES;
				GCC_WARN_ABOUT_RETURN_TYPE = YES;
				GCC_WARN_UNINITIALIZED_AUTOS = YES;
				GCC_WARN_UNUSED_VARIABLE = YES;
				INFOPLIST_FILE = Info.plist;
				MACOSX_DEPLOYMENT_TARGET = 10.8;
			};
			name = Release;
		};
		D0452FA314FF66FB0044FB3B /* Debug */ = {
			isa = XCBuildConfiguration;
			buildSettings = {
				PRODUCT_NAME = Announce;
			};
			name = Debug;
		};
		D0452FA414FF66FB0044FB3B /* Release */ = {
			isa = XCBuildConfiguration;
			buildSettings = {
				PRODUCT_NAME = Announce;
			};
			name = Release;
		};
/* End XCBuildConfiguration section */

/* Begin XCConfigurationList section */
		D0452F7E14FF66FB0044FB3B /* Build configuration list for PBXProject "Announce" */ = {
			isa = XCConfigurationList;
			buildConfigurations = (
				D0452FA014FF66FB0044FB3B /* Debug */,
				D0452FA114FF66FB0044FB3B /* Release */,
			);
			defaultConfigurationIsVisible = 0;
			defaultConfigurationName = Release;
		};
		D0452FA214FF66FB0044FB3B /* Build configuration list for PBXNativeTarget "Announce" */ = {
			isa = XCConfigurationList;
			buildConfigurations = (
				D0452FA314FF66FB0044FB3B /* Debug */,
				D0452FA414FF66FB0044FB3B /* Release */,
			);
			defaultConfigurationIsVisible = 0;
			defaultConfigurationName = Release;
		};
/* End XCConfigurationList section */
	};
	rootObject = D0452F7B14FF66FB0044FB3B /* Project object */;
}
